{
  "name": "vercel-sensitive-env-rotator",
  "version": "0.1.0",
  "lockfileVersion": 3,
  "requires": true,
  "packages": {
    "": {
      "name": "vercel-sensitive-env-rotator",
      "version": "0.1.0",
      "license": "MIT",
      "bin": {
        "vercel-sensitive-envs": "bin/vercel-sensitive-envs.mjs"
      },
      "engines": {
        "node": ">=18"
      }
    }
  }
}
